
Microsoft Visual Studio Solution File, Format Version 12.00
# Visual Studio Version 16
VisualStudioVersion = 16.0.30225.117
MinimumVisualStudioVersion = 10.0.40219.1
Project("{FAE04EC0-301F-11D3-BF4B-00C04F79EFBC}") = "WebStuMag", "WebStuMag\WebStuMag.csproj", "{527C8FD3-091F-4858-BEEE-DB3977A0DCA7}"
EndProject
Global
	GlobalSection(SolutionConfigurationPlatforms) = preSolution
		Debug|Any CPU = Debug|Any CPU
		Release|Any CPU = Release|Any CPU
	EndGlobalSection
	GlobalSection(ProjectConfigurationPlatforms) = postSolution
		{527C8FD3-091F-4858-BEEE-DB3977A0DCA7}.Debug|Any CPU.ActiveCfg = Debug|Any CPU
		{527C8FD3-091F-4858-BEEE-DB3977A0DCA7}.Debug|Any CPU.Build.0 = Debug|Any CPU
		{527C8FD3-091F-4858-BEEE-DB3977A0DCA7}.Release|Any CPU.ActiveCfg = Release|Any CPU
		{527C8FD3-091F-4858-BEEE-DB3977A0DCA7}.Release|Any CPU.Build.0 = Release|Any CPU
	EndGlobalSection
	GlobalSection(SolutionProperties) = preSolution
		HideSolutionNode = FALSE
	EndGlobalSection
	GlobalSection(ExtensibilityGlobals) = postSolution
		SolutionGuid = {88C14EC7-31D7-405A-B809-BB935DB90CB7}
	EndGlobalSection
EndGlobal
